// !$*UTF8*$!
{
	archiveVersion = 1;
	classes = {
	};
	objectVersion = 77;
	objects = {

/* Begin PBXBuildFile section */
		B05E8A512D7C341B0070A54C /* SearchFeature.framework in Frameworks */ = {isa = PBXBuildFile; fileRef = B05E8A482D7C341A0070A54C /* SearchFeature.framework */; };
		B05E8AA12D7C360E0070A54C /* BaseFeature.framework in Frameworks */ = {isa = PBXBuildFile; fileRef = B05E8AA02D7C360E0070A54C /* BaseFeature.framework */; };
		B05E8AA22D7C360E0070A54C /* BaseFeature.framework in Embed Frameworks */ = {isa = PBXBuildFile; fileRef = B05E8AA02D7C360E0070A54C /* BaseFeature.framework */; settings = {ATTRIBUTES = (CodeSignOnCopy, RemoveHeadersOnCopy, ); }; };
		B05E8B672D7C38280070A54C /* SearchFeatureTests.swift in Sources */ = {isa = PBXBuildFile; fileRef = B05E8B652D7C38280070A54C /* SearchFeatureTests.swift */; };
		B05E8BD42D7C3A490070A54C /* SearchView.swift in Sources */ = {isa = PBXBuildFile; fileRef = B05E8BD32D7C3A490070A54C /* SearchView.swift */; };
/* End PBXBuildFile section */

/* Begin PBXContainerItemProxy section */
		B05E8A522D7C341B0070A54C /* PBXContainerItemProxy */ = {
			isa = PBXContainerItemProxy;
			containerPortal = B05E8A3F2D7C341A0070A54C /* Project object */;
			proxyType = 1;
			remoteGlobalIDString = B05E8A472D7C341A0070A54C;
			remoteInfo = SearchFeature;
		};
/* End PBXContainerItemProxy section */

/* Begin PBXCopyFilesBuildPhase section */
		B05E8AA32D7C360E0070A54C /* Embed Frameworks */ = {
			isa = PBXCopyFilesBuildPhase;
			buildActionMask = 2147483647;
			dstPath = "";
			dstSubfolderSpec = 10;
			files = (
				B05E8AA22D7C360E0070A54C /* BaseFeature.framework in Embed Frameworks */,
			);
			name = "Embed Frameworks";
			runOnlyForDeploymentPostprocessing = 0;
		};
/* End PBXCopyFilesBuildPhase section */

/* Begin PBXFileReference section */
		B05E8A482D7C341A0070A54C /* SearchFeature.framework */ = {isa = PBXFileReference; explicitFileType = wrapper.framework; includeInIndex = 0; path = SearchFeature.framework; sourceTree = BUILT_PRODUCTS_DIR; };
		B05E8A502D7C341B0070A54C /* SearchFeatureTests.xctest */ = {isa = PBXFileReference; explicitFileType = wrapper.cfbundle; includeInIndex = 0; path = SearchFeatureTests.xctest; sourceTree = BUILT_PRODUCTS_DIR; };
		B05E8AA02D7C360E0070A54C /* BaseFeature.framework */ = {isa = PBXFileReference; explicitFileType = wrapper.framework; path = BaseFeature.framework; sourceTree = BUILT_PRODUCTS_DIR; };
		B05E8B652D7C38280070A54C /* SearchFeatureTests.swift */ = {isa = PBXFileReference; lastKnownFileType = sourcecode.swift; path = SearchFeatureTests.swift; sourceTree = "<group>"; };
		B05E8BD32D7C3A490070A54C /* SearchView.swift */ = {isa = PBXFileReference; lastKnownFileType = sourcecode.swift; path = SearchView.swift; sourceTree = "<group>"; };
/* End PBXFileReference section */

/* Begin PBXFrameworksBuildPhase section */
		B05E8A452D7C341A0070A54C /* Frameworks */ = {
			isa = PBXFrameworksBuildPhase;
			buildActionMask = 2147483647;
			files = (
				B05E8AA12D7C360E0070A54C /* BaseFeature.framework in Frameworks */,
			);
			runOnlyForDeploymentPostprocessing = 0;
		};
		B05E8A4D2D7C341B0070A54C /* Frameworks */ = {
			isa = PBXFrameworksBuildPhase;
			buildActionMask = 2147483647;
			files = (
				B05E8A512D7C341B0070A54C /* SearchFeature.framework in Frameworks */,
			);
			runOnlyForDeploymentPostprocessing = 0;
		};
/* End PBXFrameworksBuildPhase section */

/* Begin PBXGroup section */
		B05E8A3E2D7C341A0070A54C = {
			isa = PBXGroup;
			children = (
				B05E8B642D7C38280070A54C /* SearchFeature */,
				B05E8B662D7C38280070A54C /* SearchFeatureTests */,
				B05E8A9F2D7C360E0070A54C /* Frameworks */,
				B05E8A492D7C341A0070A54C /* Products */,
			);
			sourceTree = "<group>";
		};
		B05E8A492D7C341A0070A54C /* Products */ = {
			isa = PBXGroup;
			children = (
				B05E8A482D7C341A0070A54C /* SearchFeature.framework */,
				B05E8A502D7C341B0070A54C /* SearchFeatureTests.xctest */,
			);
			name = Products;
			sourceTree = "<group>";
		};
		B05E8A9F2D7C360E0070A54C /* Frameworks */ = {
			isa = PBXGroup;
			children = (
				B05E8AA02D7C360E0070A54C /* BaseFeature.framework */,
			);
			name = Frameworks;
			sourceTree = "<group>";
		};
		B05E8B642D7C38280070A54C /* SearchFeature */ = {
			isa = PBXGroup;
			children = (
				B05E8BD22D7C3A1F0070A54C /* Implementation */,
				B05E8BD52D7C3AC60070A54C /* Interface */,
			);
			path = SearchFeature;
			sourceTree = "<group>";
		};
		B05E8B662D7C38280070A54C /* SearchFeatureTests */ = {
			isa = PBXGroup;
			children = (
				B05E8B652D7C38280070A54C /* SearchFeatureTests.swift */,
			);
			path = SearchFeatureTests;
			sourceTree = "<group>";
		};
		B05E8BD22D7C3A1F0070A54C /* Implementation */ = {
			isa = PBXGroup;
			children = (
				B05E8BD32D7C3A490070A54C /* SearchView.swift */,
			);
			path = Implementation;
			sourceTree = "<group>";
		};
		B05E8BD52D7C3AC60070A54C /* Interface */ = {
			isa = PBXGroup;
			children = (
			);
			path = Interface;
			sourceTree = "<group>";
		};
/* End PBXGroup section */

/* Begin PBXHeadersBuildPhase section */
		B05E8A432D7C341A0070A54C /* Headers */ = {
			isa = PBXHeadersBuildPhase;
			buildActionMask = 2147483647;
			files = (
			);
			runOnlyForDeploymentPostprocessing = 0;
		};
/* End PBXHeadersBuildPhase section */

/* Begin PBXNativeTarget section */
		B05E8A472D7C341A0070A54C /* SearchFeature */ = {
			isa = PBXNativeTarget;
			buildConfigurationList = B05E8A592D7C341B0070A54C /* Build configuration list for PBXNativeTarget "SearchFeature" */;
			buildPhases = (
				B05E8A432D7C341A0070A54C /* Headers */,
				B05E8A442D7C341A0070A54C /* Sources */,
				B05E8A452D7C341A0070A54C /* Frameworks */,
				B05E8A462D7C341A0070A54C /* Resources */,
				B05E8AA32D7C360E0070A54C /* Embed Frameworks */,
			);
			buildRules = (
			);
			dependencies = (
			);
			name = SearchFeature;
			packageProductDependencies = (
			);
			productName = SearchFeature;
			productReference = B05E8A482D7C341A0070A54C /* SearchFeature.framework */;
			productType = "com.apple.product-type.framework";
		};
		B05E8A4F2D7C341B0070A54C /* SearchFeatureTests */ = {
			isa = PBXNativeTarget;
			buildConfigurationList = B05E8A5E2D7C341B0070A54C /* Build configuration list for PBXNativeTarget "SearchFeatureTests" */;
			buildPhases = (
				B05E8A4C2D7C341B0070A54C /* Sources */,
				B05E8A4D2D7C341B0070A54C /* Frameworks */,
				B05E8A4E2D7C341B0070A54C /* Resources */,
			);
			buildRules = (
			);
			dependencies = (
				B05E8A532D7C341B0070A54C /* PBXTargetDependency */,
			);
			name = SearchFeatureTests;
			packageProductDependencies = (
			);
			productName = SearchFeatureTests;
			productReference = B05E8A502D7C341B0070A54C /* SearchFeatureTests.xctest */;
			productType = "com.apple.product-type.bundle.unit-test";
		};
/* End PBXNativeTarget section */

/* Begin PBXProject section */
		B05E8A3F2D7C341A0070A54C /* Project object */ = {
			isa = PBXProject;
			attributes = {
				BuildIndependentTargetsInParallel = 1;
				LastSwiftUpdateCheck = 1620;
				LastUpgradeCheck = 1620;
				TargetAttributes = {
					B05E8A472D7C341A0070A54C = {
						CreatedOnToolsVersion = 16.2;
						LastSwiftMigration = 1620;
					};
					B05E8A4F2D7C341B0070A54C = {
						CreatedOnToolsVersion = 16.2;
					};
				};
			};
			buildConfigurationList = B05E8A422D7C341A0070A54C /* Build configuration list for PBXProject "SearchFeature" */;
			developmentRegion = en;
			hasScannedForEncodings = 0;
			knownRegions = (
				en,
				Base,
			);
			mainGroup = B05E8A3E2D7C341A0070A54C;
			minimizedProjectReferenceProxies = 1;
			preferredProjectObjectVersion = 77;
			productRefGroup = B05E8A492D7C341A0070A54C /* Products */;
			projectDirPath = "";
			projectRoot = "";
			targets = (
				B05E8A472D7C341A0070A54C /* SearchFeature */,
				B05E8A4F2D7C341B0070A54C /* SearchFeatureTests */,
			);
		};
/* End PBXProject section */

/* Begin PBXResourcesBuildPhase section */
		B05E8A462D7C341A0070A54C /* Resources */ = {
			isa = PBXResourcesBuildPhase;
			buildActionMask = 2147483647;
			files = (
			);
			runOnlyForDeploymentPostprocessing = 0;
		};
		B05E8A4E2D7C341B0070A54C /* Resources */ = {
			isa = PBXResourcesBuildPhase;
			buildActionMask = 2147483647;
			files = (
			);
			runOnlyForDeploymentPostprocessing = 0;
		};
/* End PBXResourcesBuildPhase section */

/* Begin PBXSourcesBuildPhase section */
		B05E8A442D7C341A0070A54C /* Sources */ = {
			isa = PBXSourcesBuildPhase;
			buildActionMask = 2147483647;
			files = (
				B05E8BD42D7C3A490070A54C /* SearchView.swift in Sources */,
			);
			runOnlyForDeploymentPostprocessing = 0;
		};
		B05E8A4C2D7C341B0070A54C /* Sources */ = {
			isa = PBXSourcesBuildPhase;
			buildActionMask = 2147483647;
			files = (
				B05E8B672D7C38280070A54C /* SearchFeatureTests.swift in Sources */,
			);
			runOnlyForDeploymentPostprocessing = 0;
		};
/* End PBXSourcesBuildPhase section */

/* Begin PBXTargetDependency section */
		B05E8A532D7C341B0070A54C /* PBXTargetDependency */ = {
			isa = PBXTargetDependency;
			target = B05E8A472D7C341A0070A54C /* SearchFeature */;
			targetProxy = B05E8A522D7C341B0070A54C /* PBXContainerItemProxy */;
		};
/* End PBXTargetDependency section */

/* Begin XCBuildConfiguration section */
		B05E8A5A2D7C341B0070A54C /* Debug */ = {
			isa = XCBuildConfiguration;
			buildSettings = {
				BUILD_LIBRARY_FOR_DISTRIBUTION = YES;
				CLANG_ENABLE_MODULES = YES;
				CODE_SIGN_STYLE = Automatic;
				CURRENT_PROJECT_VERSION = 1;
				DEFINES_MODULE = YES;
				DEVELOPMENT_TEAM = 28NL63HBTJ;
				DYLIB_COMPATIBILITY_VERSION = 1;
				DYLIB_CURRENT_VERSION = 1;
				DYLIB_INSTALL_NAME_BASE = "@rpath";
				ENABLE_MODULE_VERIFIER = YES;
				GENERATE_INFOPLIST_FILE = YES;
				INFOPLIST_KEY_NSHumanReadableCopyright = "";
				INSTALL_PATH = "$(LOCAL_LIBRARY_DIR)/Frameworks";
				LD_RUNPATH_SEARCH_PATHS = (
					"$(inherited)",
					"@executable_path/Frameworks",
					"@loader_path/Frameworks",
				);
				MARKETING_VERSION = 1.0;
				MODULE_VERIFIER_SUPPORTED_LANGUAGES = "objective-c objective-c++";
				MODULE_VERIFIER_SUPPORTED_LANGUAGE_STANDARDS = "gnu17 gnu++20";
				PRODUCT_BUNDLE_IDENTIFIER = com.yongbeomkwak.SearchFeature;
				PRODUCT_NAME = "$(TARGET_NAME:c99extidentifier)";
				SKIP_INSTALL = YES;
				SUPPORTED_PLATFORMS = "iphoneos iphonesimulator";
				SUPPORTS_MACCATALYST = NO;
				SUPPORTS_MAC_DESIGNED_FOR_IPHONE_IPAD = NO;
				SUPPORTS_XR_DESIGNED_FOR_IPHONE_IPAD = NO;
				SWIFT_EMIT_LOC_STRINGS = YES;
				SWIFT_INSTALL_OBJC_HEADER = NO;
				SWIFT_OPTIMIZATION_LEVEL = "-Onone";
				SWIFT_VERSION = 5.0;
				TARGETED_DEVICE_FAMILY = 1;
			};
			name = Debug;
		};
		B05E8A5B2D7C341B0070A54C /* Release */ = {
			isa = XCBuildConfiguration;
			buildSettings = {
				BUILD_LIBRARY_FOR_DISTRIBUTION = YES;
				CLANG_ENABLE_MODULES = YES;
				CODE_SIGN_STYLE = Automatic;
				CURRENT_PROJECT_VERSION = 1;
				DEFINES_MODULE = YES;
				DEVELOPMENT_TEAM = 28NL63HBTJ;
				DYLIB_COMPATIBILITY_VERSION = 1;
				DYLIB_CURRENT_VERSION = 1;
				DYLIB_INSTALL_NAME_BASE = "@rpath";
				ENABLE_MODULE_VERIFIER = YES;
				GENERATE_INFOPLIST_FILE = YES;
				INFOPLIST_KEY_NSHumanReadableCopyright = "";
				INSTALL_PATH = "$(LOCAL_LIBRARY_DIR)/Frameworks";
				LD_RUNPATH_SEARCH_PATHS = (
					"$(inherited)",
					"@executable_path/Frameworks",
					"@loader_path/Frameworks",
				);
				MARKETING_VERSION = 1.0;
				MODULE_VERIFIER_SUPPORTED_LANGUAGES = "objective-c objective-c++";
				MODULE_VERIFIER_SUPPORTED_LANGUAGE_STANDARDS = "gnu17 gnu++20";
				PRODUCT_BUNDLE_IDENTIFIER = com.yongbeomkwak.SearchFeature;
				PRODUCT_NAME = "$(TARGET_NAME:c99extidentifier)";
				SKIP_INSTALL = YES;
				SUPPORTED_PLATFORMS = "iphoneos iphonesimulator";
				SUPPORTS_MACCATALYST = NO;
				SUPPORTS_MAC_DESIGNED_FOR_IPHONE_IPAD = NO;
				SUPPORTS_XR_DESIGNED_FOR_IPHONE_IPAD = NO;
				SWIFT_EMIT_LOC_STRINGS = YES;
				SWIFT_INSTALL_OBJC_HEADER = NO;
				SWIFT_VERSION = 5.0;
				TARGETED_DEVICE_FAMILY = 1;
			};
			name = Release;
		};
		B05E8A5C2D7C341B0070A54C /* Debug */ = {
			isa = XCBuildConfiguration;
			buildSettings = {
				ALWAYS_SEARCH_USER_PATHS = NO;
				ASSETCATALOG_COMPILER_GENERATE_SWIFT_ASSET_SYMBOL_EXTENSIONS = YES;
				CLANG_ANALYZER_NONNULL = YES;
				CLANG_ANALYZER_NUMBER_OBJECT_CONVERSION = YES_AGGRESSIVE;
				CLANG_CXX_LANGUAGE_STANDARD = "gnu++20";
				CLANG_ENABLE_MODULES = YES;
				CLANG_ENABLE_OBJC_ARC = YES;
				CLANG_ENABLE_OBJC_WEAK = YES;
				CLANG_WARN_BLOCK_CAPTURE_AUTORELEASING = YES;
				CLANG_WARN_BOOL_CONVERSION = YES;
				CLANG_WARN_COMMA = YES;
				CLANG_WARN_CONSTANT_CONVERSION = YES;
				CLANG_WARN_DEPRECATED_OBJC_IMPLEMENTATIONS = YES;
				CLANG_WARN_DIRECT_OBJC_ISA_USAGE = YES_ERROR;
				CLANG_WARN_DOCUMENTATION_COMMENTS = YES;
				CLANG_WARN_EMPTY_BODY = YES;
				CLANG_WARN_ENUM_CONVERSION = YES;
				CLANG_WARN_INFINITE_RECURSION = YES;
				CLANG_WARN_INT_CONVERSION = YES;
				CLANG_WARN_NON_LITERAL_NULL_CONVERSION = YES;
				CLANG_WARN_OBJC_IMPLICIT_RETAIN_SELF = YES;
				CLANG_WARN_OBJC_LITERAL_CONVERSION = YES;
				CLANG_WARN_OBJC_ROOT_CLASS = YES_ERROR;
				CLANG_WARN_QUOTED_INCLUDE_IN_FRAMEWORK_HEADER = YES;
				CLANG_WARN_RANGE_LOOP_ANALYSIS = YES;
				CLANG_WARN_STRICT_PROTOTYPES = YES;
				CLANG_WARN_SUSPICIOUS_MOVE = YES;
				CLANG_WARN_UNGUARDED_AVAILABILITY = YES_AGGRESSIVE;
				CLANG_WARN_UNREACHABLE_CODE = YES;
				CLANG_WARN__DUPLICATE_METHOD_MATCH = YES;
				COPY_PHASE_STRIP = NO;
				CURRENT_PROJECT_VERSION = 1;
				DEBUG_INFORMATION_FORMAT = dwarf;
				ENABLE_STRICT_OBJC_MSGSEND = YES;
				ENABLE_TESTABILITY = YES;
				ENABLE_USER_SCRIPT_SANDBOXING = YES;
				GCC_C_LANGUAGE_STANDARD = gnu17;
				GCC_DYNAMIC_NO_PIC = NO;
				GCC_NO_COMMON_BLOCKS = YES;
				GCC_OPTIMIZATION_LEVEL = 0;
				GCC_PREPROCESSOR_DEFINITIONS = (
					"DEBUG=1",
					"$(inherited)",
				);
				GCC_WARN_64_TO_32_BIT_CONVERSION = YES;
				GCC_WARN_ABOUT_RETURN_TYPE = YES_ERROR;
				GCC_WARN_UNDECLARED_SELECTOR = YES;
				GCC_WARN_UNINITIALIZED_AUTOS = YES_AGGRESSIVE;
				GCC_WARN_UNUSED_FUNCTION = YES;
				GCC_WARN_UNUSED_VARIABLE = YES;
				IPHONEOS_DEPLOYMENT_TARGET = 18.2;
				LOCALIZATION_PREFERS_STRING_CATALOGS = YES;
				MTL_ENABLE_DEBUG_INFO = INCLUDE_SOURCE;
				MTL_FAST_MATH = YES;
				ONLY_ACTIVE_ARCH = YES;
				SDKROOT = iphoneos;
				SWIFT_ACTIVE_COMPILATION_CONDITIONS = "DEBUG $(inherited)";
				SWIFT_OPTIMIZATION_LEVEL = "-Onone";
				VERSIONING_SYSTEM = "apple-generic";
				VERSION_INFO_PREFIX = "";
			};
			name = Debug;
		};
		B05E8A5D2D7C341B0070A54C /* Release */ = {
			isa = XCBuildConfiguration;
			buildSettings = {
				ALWAYS_SEARCH_USER_PATHS = NO;
				ASSETCATALOG_COMPILER_GENERATE_SWIFT_ASSET_SYMBOL_EXTENSIONS = YES;
				CLANG_ANALYZER_NONNULL = YES;
				CLANG_ANALYZER_NUMBER_OBJECT_CONVERSION = YES_AGGRESSIVE;
				CLANG_CXX_LANGUAGE_STANDARD = "gnu++20";
				CLANG_ENABLE_MODULES = YES;
				CLANG_ENABLE_OBJC_ARC = YES;
				CLANG_ENABLE_OBJC_WEAK = YES;
				CLANG_WARN_BLOCK_CAPTURE_AUTORELEASING = YES;
				CLANG_WARN_BOOL_CONVERSION = YES;
				CLANG_WARN_COMMA = YES;
				CLANG_WARN_CONSTANT_CONVERSION = YES;
				CLANG_WARN_DEPRECATED_OBJC_IMPLEMENTATIONS = YES;
				CLANG_WARN_DIRECT_OBJC_ISA_USAGE = YES_ERROR;
				CLANG_WARN_DOCUMENTATION_COMMENTS = YES;
				CLANG_WARN_EMPTY_BODY = YES;
				CLANG_WARN_ENUM_CONVERSION = YES;
				CLANG_WARN_INFINITE_RECURSION = YES;
				CLANG_WARN_INT_CONVERSION = YES;
				CLANG_WARN_NON_LITERAL_NULL_CONVERSION = YES;
				CLANG_WARN_OBJC_IMPLICIT_RETAIN_SELF = YES;
				CLANG_WARN_OBJC_LITERAL_CONVERSION = YES;
				CLANG_WARN_OBJC_ROOT_CLASS = YES_ERROR;
				CLANG_WARN_QUOTED_INCLUDE_IN_FRAMEWORK_HEADER = YES;
				CLANG_WARN_RANGE_LOOP_ANALYSIS = YES;
				CLANG_WARN_STRICT_PROTOTYPES = YES;
				CLANG_WARN_SUSPICIOUS_MOVE = YES;
				CLANG_WARN_UNGUARDED_AVAILABILITY = YES_AGGRESSIVE;
				CLANG_WARN_UNREACHABLE_CODE = YES;
				CLANG_WARN__DUPLICATE_METHOD_MATCH = YES;
				COPY_PHASE_STRIP = NO;
				CURRENT_PROJECT_VERSION = 1;
				DEBUG_INFORMATION_FORMAT = "dwarf-with-dsym";
				ENABLE_NS_ASSERTIONS = NO;
				ENABLE_STRICT_OBJC_MSGSEND = YES;
				ENABLE_USER_SCRIPT_SANDBOXING = YES;
				GCC_C_LANGUAGE_STANDARD = gnu17;
				GCC_NO_COMMON_BLOCKS = YES;
				GCC_WARN_64_TO_32_BIT_CONVERSION = YES;
				GCC_WARN_ABOUT_RETURN_TYPE = YES_ERROR;
				GCC_WARN_UNDECLARED_SELECTOR = YES;
				GCC_WARN_UNINITIALIZED_AUTOS = YES_AGGRESSIVE;
				GCC_WARN_UNUSED_FUNCTION = YES;
				GCC_WARN_UNUSED_VARIABLE = YES;
				IPHONEOS_DEPLOYMENT_TARGET = 18.2;
				LOCALIZATION_PREFERS_STRING_CATALOGS = YES;
				MTL_ENABLE_DEBUG_INFO = NO;
				MTL_FAST_MATH = YES;
				SDKROOT = iphoneos;
				SWIFT_COMPILATION_MODE = wholemodule;
				VALIDATE_PRODUCT = YES;
				VERSIONING_SYSTEM = "apple-generic";
				VERSION_INFO_PREFIX = "";
			};
			name = Release;
		};
		B05E8A5F2D7C341B0070A54C /* Debug */ = {
			isa = XCBuildConfiguration;
			buildSettings = {
				CODE_SIGN_STYLE = Automatic;
				CURRENT_PROJECT_VERSION = 1;
				DEVELOPMENT_TEAM = 28NL63HBTJ;
				GENERATE_INFOPLIST_FILE = YES;
				MARKETING_VERSION = 1.0;
				PRODUCT_BUNDLE_IDENTIFIER = com.yongbeomkwak.SearchFeatureTests;
				PRODUCT_NAME = "$(TARGET_NAME)";
				SWIFT_EMIT_LOC_STRINGS = NO;
				SWIFT_VERSION = 5.0;
				TARGETED_DEVICE_FAMILY = "1,2";
			};
			name = Debug;
		};
		B05E8A602D7C341B0070A54C /* Release */ = {
			isa = XCBuildConfiguration;
			buildSettings = {
				CODE_SIGN_STYLE = Automatic;
				CURRENT_PROJECT_VERSION = 1;
				DEVELOPMENT_TEAM = 28NL63HBTJ;
				GENERATE_INFOPLIST_FILE = YES;
				MARKETING_VERSION = 1.0;
				PRODUCT_BUNDLE_IDENTIFIER = com.yongbeomkwak.SearchFeatureTests;
				PRODUCT_NAME = "$(TARGET_NAME)";
				SWIFT_EMIT_LOC_STRINGS = NO;
				SWIFT_VERSION = 5.0;
				TARGETED_DEVICE_FAMILY = "1,2";
			};
			name = Release;
		};
/* End XCBuildConfiguration section */

/* Begin XCConfigurationList section */
		B05E8A422D7C341A0070A54C /* Build configuration list for PBXProject "SearchFeature" */ = {
			isa = XCConfigurationList;
			buildConfigurations = (
				B05E8A5C2D7C341B0070A54C /* Debug */,
				B05E8A5D2D7C341B0070A54C /* Release */,
			);
			defaultConfigurationIsVisible = 0;
			defaultConfigurationName = Release;
		};
		B05E8A592D7C341B0070A54C /* Build configuration list for PBXNativeTarget "SearchFeature" */ = {
			isa = XCConfigurationList;
			buildConfigurations = (
				B05E8A5A2D7C341B0070A54C /* Debug */,
				B05E8A5B2D7C341B0070A54C /* Release */,
			);
			defaultConfigurationIsVisible = 0;
			defaultConfigurationName = Release;
		};
		B05E8A5E2D7C341B0070A54C /* Build configuration list for PBXNativeTarget "SearchFeatureTests" */ = {
			isa = XCConfigurationList;
			buildConfigurations = (
				B05E8A5F2D7C341B0070A54C /* Debug */,
				B05E8A602D7C341B0070A54C /* Release */,
			);
			defaultConfigurationIsVisible = 0;
			defaultConfigurationName = Release;
		};
/* End XCConfigurationList section */
	};
	rootObject = B05E8A3F2D7C341A0070A54C /* Project object */;
}
