// !$*UTF8*$!
{
	archiveVersion = 1;
	classes = {
	};
	objectVersion = 77;
	objects = {

/* Begin PBXBuildFile section */
		B05352642D7487A600961EAC /* ThirdPartyModule in Frameworks */ = {isa = PBXBuildFile; productRef = B05352632D7487A600961EAC /* ThirdPartyModule */; };
		B06C83672D6C27FA00DCB5A2 /* .gitignore in Resources */ = {isa = PBXBuildFile; fileRef = B06C83662D6C27FA00DCB5A2 /* .gitignore */; };
		B06C837A2D6CA59300DCB5A2 /* .swiftlint.yml in Resources */ = {isa = PBXBuildFile; fileRef = B06C83792D6CA59300DCB5A2 /* .swiftlint.yml */; };
		B0B467EA2D744423004FB7AE /* SharedModule in Frameworks */ = {isa = PBXBuildFile; productRef = B0B467E92D744423004FB7AE /* SharedModule */; };
		B0B46C952D7485DF004FB7AE /* BaseFeature.framework in Frameworks */ = {isa = PBXBuildFile; fileRef = B0B46C8C2D7485CE004FB7AE /* BaseFeature.framework */; };
		B0B46C962D7485DF004FB7AE /* BaseFeature.framework in Embed Frameworks */ = {isa = PBXBuildFile; fileRef = B0B46C8C2D7485CE004FB7AE /* BaseFeature.framework */; settings = {ATTRIBUTES = (CodeSignOnCopy, RemoveHeadersOnCopy, ); }; };
/* End PBXBuildFile section */

/* Begin PBXContainerItemProxy section */
		B0B46C8B2D7485CE004FB7AE /* PBXContainerItemProxy */ = {
			isa = PBXContainerItemProxy;
			containerPortal = B0B46C702D7485CE004FB7AE /* BaseFeature.xcodeproj */;
			proxyType = 2;
			remoteGlobalIDString = B0A88FA62D71537800F3BCA1;
			remoteInfo = BaseFeature;
		};
		B0E7A0A52D6B3EB700C8F575 /* PBXContainerItemProxy */ = {
			isa = PBXContainerItemProxy;
			containerPortal = B0E7A08C2D6B3EB600C8F575 /* Project object */;
			proxyType = 1;
			remoteGlobalIDString = B0E7A0932D6B3EB600C8F575;
			remoteInfo = RACLab;
		};
/* End PBXContainerItemProxy section */

/* Begin PBXCopyFilesBuildPhase section */
		B0B46C972D7485E0004FB7AE /* Embed Frameworks */ = {
			isa = PBXCopyFilesBuildPhase;
			buildActionMask = 2147483647;
			dstPath = "";
			dstSubfolderSpec = 10;
			files = (
				B0B46C962D7485DF004FB7AE /* BaseFeature.framework in Embed Frameworks */,
			);
			name = "Embed Frameworks";
			runOnlyForDeploymentPostprocessing = 0;
		};
/* End PBXCopyFilesBuildPhase section */

/* Begin PBXFileReference section */
		B06C83662D6C27FA00DCB5A2 /* .gitignore */ = {isa = PBXFileReference; lastKnownFileType = text; path = .gitignore; sourceTree = "<group>"; };
		B06C83792D6CA59300DCB5A2 /* .swiftlint.yml */ = {isa = PBXFileReference; lastKnownFileType = text.yaml; path = .swiftlint.yml; sourceTree = "<group>"; };
		B0B467E72D74420B004FB7AE /* SharedModule */ = {isa = PBXFileReference; lastKnownFileType = wrapper; path = SharedModule; sourceTree = "<group>"; };
		B0B46C702D7485CE004FB7AE /* BaseFeature.xcodeproj */ = {isa = PBXFileReference; lastKnownFileType = "wrapper.pb-project"; name = BaseFeature.xcodeproj; path = BaseFeature/BaseFeature.xcodeproj; sourceTree = "<group>"; };
		B0B46C9A2D748647004FB7AE /* ThirdPartyModule */ = {isa = PBXFileReference; lastKnownFileType = wrapper; path = ThirdPartyModule; sourceTree = "<group>"; };
		B0E7A0942D6B3EB600C8F575 /* RACLab.app */ = {isa = PBXFileReference; explicitFileType = wrapper.application; includeInIndex = 0; path = RACLab.app; sourceTree = BUILT_PRODUCTS_DIR; };
		B0E7A0A42D6B3EB700C8F575 /* RACLabTests.xctest */ = {isa = PBXFileReference; explicitFileType = wrapper.cfbundle; includeInIndex = 0; path = RACLabTests.xctest; sourceTree = BUILT_PRODUCTS_DIR; };
/* End PBXFileReference section */

/* Begin PBXFileSystemSynchronizedRootGroup section */
		B0E7A0962D6B3EB600C8F575 /* RACLab */ = {
			isa = PBXFileSystemSynchronizedRootGroup;
			path = RACLab;
			sourceTree = "<group>";
		};
		B0E7A0A72D6B3EB700C8F575 /* RACLabTests */ = {
			isa = PBXFileSystemSynchronizedRootGroup;
			path = RACLabTests;
			sourceTree = "<group>";
		};
/* End PBXFileSystemSynchronizedRootGroup section */

/* Begin PBXFrameworksBuildPhase section */
		B0E7A0912D6B3EB600C8F575 /* Frameworks */ = {
			isa = PBXFrameworksBuildPhase;
			buildActionMask = 2147483647;
			files = (
				B0B46C952D7485DF004FB7AE /* BaseFeature.framework in Frameworks */,
				B05352642D7487A600961EAC /* ThirdPartyModule in Frameworks */,
				B0B467EA2D744423004FB7AE /* SharedModule in Frameworks */,
			);
			runOnlyForDeploymentPostprocessing = 0;
		};
		B0E7A0A12D6B3EB700C8F575 /* Frameworks */ = {
			isa = PBXFrameworksBuildPhase;
			buildActionMask = 2147483647;
			files = (
			);
			runOnlyForDeploymentPostprocessing = 0;
		};
/* End PBXFrameworksBuildPhase section */

/* Begin PBXGroup section */
		B05EBD632D7081D0005BF177 /* Frameworks */ = {
			isa = PBXGroup;
			children = (
				B0B46C702D7485CE004FB7AE /* BaseFeature.xcodeproj */,
			);
			name = Frameworks;
			sourceTree = "<group>";
		};
		B0B46C712D7485CE004FB7AE /* Products */ = {
			isa = PBXGroup;
			children = (
				B0B46C8C2D7485CE004FB7AE /* BaseFeature.framework */,
			);
			name = Products;
			sourceTree = "<group>";
		};
		B0E7A08B2D6B3EB600C8F575 = {
			isa = PBXGroup;
			children = (
				B0B46C9A2D748647004FB7AE /* ThirdPartyModule */,
				B0B467E72D74420B004FB7AE /* SharedModule */,
				B06C83792D6CA59300DCB5A2 /* .swiftlint.yml */,
				B06C83662D6C27FA00DCB5A2 /* .gitignore */,
				B0E7A0962D6B3EB600C8F575 /* RACLab */,
				B0E7A0A72D6B3EB700C8F575 /* RACLabTests */,
				B05EBD632D7081D0005BF177 /* Frameworks */,
				B0E7A0952D6B3EB600C8F575 /* Products */,
			);
			sourceTree = "<group>";
		};
		B0E7A0952D6B3EB600C8F575 /* Products */ = {
			isa = PBXGroup;
			children = (
				B0E7A0942D6B3EB600C8F575 /* RACLab.app */,
				B0E7A0A42D6B3EB700C8F575 /* RACLabTests.xctest */,
			);
			name = Products;
			sourceTree = "<group>";
		};
/* End PBXGroup section */

/* Begin PBXNativeTarget section */
		B0E7A0932D6B3EB600C8F575 /* RACLab */ = {
			isa = PBXNativeTarget;
			buildConfigurationList = B0E7A0B82D6B3EB700C8F575 /* Build configuration list for PBXNativeTarget "RACLab" */;
			buildPhases = (
				B0E7A0902D6B3EB600C8F575 /* Sources */,
				B06C837B2D6D864400DCB5A2 /* SwiftLint */,
				B0E7A0912D6B3EB600C8F575 /* Frameworks */,
				B0E7A0922D6B3EB600C8F575 /* Resources */,
				B0B46A162D744DC9004FB7AE /* Crashlytics */,
				B0B46C972D7485E0004FB7AE /* Embed Frameworks */,
			);
			buildRules = (
			);
			dependencies = (
			);
			fileSystemSynchronizedGroups = (
				B0E7A0962D6B3EB600C8F575 /* RACLab */,
			);
			name = RACLab;
			packageProductDependencies = (
				B0B467E92D744423004FB7AE /* SharedModule */,
				B05352632D7487A600961EAC /* ThirdPartyModule */,
			);
			productName = RACLab;
			productReference = B0E7A0942D6B3EB600C8F575 /* RACLab.app */;
			productType = "com.apple.product-type.application";
		};
		B0E7A0A32D6B3EB700C8F575 /* RACLabTests */ = {
			isa = PBXNativeTarget;
			buildConfigurationList = B0E7A0BB2D6B3EB700C8F575 /* Build configuration list for PBXNativeTarget "RACLabTests" */;
			buildPhases = (
				B0E7A0A02D6B3EB700C8F575 /* Sources */,
				B0E7A0A12D6B3EB700C8F575 /* Frameworks */,
				B0E7A0A22D6B3EB700C8F575 /* Resources */,
			);
			buildRules = (
			);
			dependencies = (
				B0E7A0A62D6B3EB700C8F575 /* PBXTargetDependency */,
			);
			fileSystemSynchronizedGroups = (
				B0E7A0A72D6B3EB700C8F575 /* RACLabTests */,
			);
			name = RACLabTests;
			packageProductDependencies = (
			);
			productName = RACLabTests;
			productReference = B0E7A0A42D6B3EB700C8F575 /* RACLabTests.xctest */;
			productType = "com.apple.product-type.bundle.unit-test";
		};
/* End PBXNativeTarget section */

/* Begin PBXProject section */
		B0E7A08C2D6B3EB600C8F575 /* Project object */ = {
			isa = PBXProject;
			attributes = {
				BuildIndependentTargetsInParallel = 1;
				LastSwiftUpdateCheck = 1600;
				LastUpgradeCheck = 1600;
				TargetAttributes = {
					B0E7A0932D6B3EB600C8F575 = {
						CreatedOnToolsVersion = 16.0;
					};
					B0E7A0A32D6B3EB700C8F575 = {
						CreatedOnToolsVersion = 16.0;
						TestTargetID = B0E7A0932D6B3EB600C8F575;
					};
				};
			};
			buildConfigurationList = B0E7A08F2D6B3EB600C8F575 /* Build configuration list for PBXProject "RACLab" */;
			developmentRegion = en;
			hasScannedForEncodings = 0;
			knownRegions = (
				en,
				Base,
			);
			mainGroup = B0E7A08B2D6B3EB600C8F575;
			minimizedProjectReferenceProxies = 1;
			packageReferences = (
			);
			preferredProjectObjectVersion = 77;
			productRefGroup = B0E7A0952D6B3EB600C8F575 /* Products */;
			projectDirPath = "";
			projectReferences = (
				{
					ProductGroup = B0B46C712D7485CE004FB7AE /* Products */;
					ProjectRef = B0B46C702D7485CE004FB7AE /* BaseFeature.xcodeproj */;
				},
			);
			projectRoot = "";
			targets = (
				B0E7A0932D6B3EB600C8F575 /* RACLab */,
				B0E7A0A32D6B3EB700C8F575 /* RACLabTests */,
			);
		};
/* End PBXProject section */

/* Begin PBXReferenceProxy section */
		B0B46C8C2D7485CE004FB7AE /* BaseFeature.framework */ = {
			isa = PBXReferenceProxy;
			fileType = wrapper.framework;
			path = BaseFeature.framework;
			remoteRef = B0B46C8B2D7485CE004FB7AE /* PBXContainerItemProxy */;
			sourceTree = BUILT_PRODUCTS_DIR;
		};
/* End PBXReferenceProxy section */

/* Begin PBXResourcesBuildPhase section */
		B0E7A0922D6B3EB600C8F575 /* Resources */ = {
			isa = PBXResourcesBuildPhase;
			buildActionMask = 2147483647;
			files = (
				B06C837A2D6CA59300DCB5A2 /* .swiftlint.yml in Resources */,
				B06C83672D6C27FA00DCB5A2 /* .gitignore in Resources */,
			);
			runOnlyForDeploymentPostprocessing = 0;
		};
		B0E7A0A22D6B3EB700C8F575 /* Resources */ = {
			isa = PBXResourcesBuildPhase;
			buildActionMask = 2147483647;
			files = (
			);
			runOnlyForDeploymentPostprocessing = 0;
		};
/* End PBXResourcesBuildPhase section */

/* Begin PBXShellScriptBuildPhase section */
		B06C837B2D6D864400DCB5A2 /* SwiftLint */ = {
			isa = PBXShellScriptBuildPhase;
			buildActionMask = 2147483647;
			files = (
			);
			inputFileListPaths = (
			);
			inputPaths = (
			);
			name = SwiftLint;
			outputFileListPaths = (
			);
			outputPaths = (
			);
			runOnlyForDeploymentPostprocessing = 0;
			shellPath = /bin/sh;
			shellScript = "if [ -x /opt/homebrew/bin/swiftlint ]; then # Apple Silicon 실행 가능하다면 true\n    /opt/homebrew/bin/swiftlint\nelif [ -x /usr/local/bin/swiftlint ]; then # Intel Mac 실행 가능하다면 true\n    /usr/local/bin/swiftlint\nelse\n    echo \"warning: SwiftLint not installed. Please install it via Homebrew (brew install swiftlint).\"\nfi\n";
		};
		B0B46A162D744DC9004FB7AE /* Crashlytics */ = {
			isa = PBXShellScriptBuildPhase;
			buildActionMask = 2147483647;
			files = (
			);
			inputFileListPaths = (
			);
			inputPaths = (
				"${DWARF_DSYM_FOLDER_PATH}/${DWARF_DSYM_FILE_NAME}",
				"${DWARF_DSYM_FOLDER_PATH}/${DWARF_DSYM_FILE_NAME}/Contents/Resources/DWARF/${PRODUCT_NAME}",
				"${DWARF_DSYM_FOLDER_PATH}/${DWARF_DSYM_FILE_NAME}/Contents/Info.plist",
				"$(TARGET_BUILD_DIR)/$(UNLOCALIZED_RESOURCES_FOLDER_PATH)/GoogleService-Info.plist",
				"$(TARGET_BUILD_DIR)/$(EXECUTABLE_PATH)",
			);
			name = Crashlytics;
			outputFileListPaths = (
			);
			outputPaths = (
			);
			runOnlyForDeploymentPostprocessing = 0;
			shellPath = /bin/sh;
			shellScript = "\"${BUILD_DIR%/Build/*}/SourcePackages/checkouts/firebase-ios-sdk/Crashlytics/run\"\n";
		};
/* End PBXShellScriptBuildPhase section */

/* Begin PBXSourcesBuildPhase section */
		B0E7A0902D6B3EB600C8F575 /* Sources */ = {
			isa = PBXSourcesBuildPhase;
			buildActionMask = 2147483647;
			files = (
			);
			runOnlyForDeploymentPostprocessing = 0;
		};
		B0E7A0A02D6B3EB700C8F575 /* Sources */ = {
			isa = PBXSourcesBuildPhase;
			buildActionMask = 2147483647;
			files = (
			);
			runOnlyForDeploymentPostprocessing = 0;
		};
/* End PBXSourcesBuildPhase section */

/* Begin PBXTargetDependency section */
		B0E7A0A62D6B3EB700C8F575 /* PBXTargetDependency */ = {
			isa = PBXTargetDependency;
			target = B0E7A0932D6B3EB600C8F575 /* RACLab */;
			targetProxy = B0E7A0A52D6B3EB700C8F575 /* PBXContainerItemProxy */;
		};
/* End PBXTargetDependency section */

/* Begin XCBuildConfiguration section */
		B0E7A0B62D6B3EB700C8F575 /* Debug */ = {
			isa = XCBuildConfiguration;
			buildSettings = {
				ALWAYS_SEARCH_USER_PATHS = NO;
				ASSETCATALOG_COMPILER_GENERATE_SWIFT_ASSET_SYMBOL_EXTENSIONS = YES;
				CLANG_ANALYZER_NONNULL = YES;
				CLANG_ANALYZER_NUMBER_OBJECT_CONVERSION = YES_AGGRESSIVE;
				CLANG_CXX_LANGUAGE_STANDARD = "gnu++20";
				CLANG_ENABLE_MODULES = YES;
				CLANG_ENABLE_OBJC_ARC = YES;
				CLANG_ENABLE_OBJC_WEAK = YES;
				CLANG_WARN_BLOCK_CAPTURE_AUTORELEASING = YES;
				CLANG_WARN_BOOL_CONVERSION = YES;
				CLANG_WARN_COMMA = YES;
				CLANG_WARN_CONSTANT_CONVERSION = YES;
				CLANG_WARN_DEPRECATED_OBJC_IMPLEMENTATIONS = YES;
				CLANG_WARN_DIRECT_OBJC_ISA_USAGE = YES_ERROR;
				CLANG_WARN_DOCUMENTATION_COMMENTS = YES;
				CLANG_WARN_EMPTY_BODY = YES;
				CLANG_WARN_ENUM_CONVERSION = YES;
				CLANG_WARN_INFINITE_RECURSION = YES;
				CLANG_WARN_INT_CONVERSION = YES;
				CLANG_WARN_NON_LITERAL_NULL_CONVERSION = YES;
				CLANG_WARN_OBJC_IMPLICIT_RETAIN_SELF = YES;
				CLANG_WARN_OBJC_LITERAL_CONVERSION = YES;
				CLANG_WARN_OBJC_ROOT_CLASS = YES_ERROR;
				CLANG_WARN_QUOTED_INCLUDE_IN_FRAMEWORK_HEADER = YES;
				CLANG_WARN_RANGE_LOOP_ANALYSIS = YES;
				CLANG_WARN_STRICT_PROTOTYPES = YES;
				CLANG_WARN_SUSPICIOUS_MOVE = YES;
				CLANG_WARN_UNGUARDED_AVAILABILITY = YES_AGGRESSIVE;
				CLANG_WARN_UNREACHABLE_CODE = YES;
				CLANG_WARN__DUPLICATE_METHOD_MATCH = YES;
				COPY_PHASE_STRIP = NO;
				DEBUG_INFORMATION_FORMAT = dwarf;
				ENABLE_STRICT_OBJC_MSGSEND = YES;
				ENABLE_TESTABILITY = YES;
				ENABLE_USER_SCRIPT_SANDBOXING = YES;
				GCC_C_LANGUAGE_STANDARD = gnu17;
				GCC_DYNAMIC_NO_PIC = NO;
				GCC_NO_COMMON_BLOCKS = YES;
				GCC_OPTIMIZATION_LEVEL = 0;
				GCC_PREPROCESSOR_DEFINITIONS = (
					"DEBUG=1",
					"$(inherited)",
				);
				GCC_WARN_64_TO_32_BIT_CONVERSION = YES;
				GCC_WARN_ABOUT_RETURN_TYPE = YES_ERROR;
				GCC_WARN_UNDECLARED_SELECTOR = YES;
				GCC_WARN_UNINITIALIZED_AUTOS = YES_AGGRESSIVE;
				GCC_WARN_UNUSED_FUNCTION = YES;
				GCC_WARN_UNUSED_VARIABLE = YES;
				IPHONEOS_DEPLOYMENT_TARGET = 18.0;
				LOCALIZATION_PREFERS_STRING_CATALOGS = YES;
				MTL_ENABLE_DEBUG_INFO = INCLUDE_SOURCE;
				MTL_FAST_MATH = YES;
				ONLY_ACTIVE_ARCH = YES;
				SDKROOT = iphoneos;
				SWIFT_ACTIVE_COMPILATION_CONDITIONS = "DEBUG $(inherited)";
				SWIFT_OPTIMIZATION_LEVEL = "-Onone";
			};
			name = Debug;
		};
		B0E7A0B72D6B3EB700C8F575 /* Release */ = {
			isa = XCBuildConfiguration;
			buildSettings = {
				ALWAYS_SEARCH_USER_PATHS = NO;
				ASSETCATALOG_COMPILER_GENERATE_SWIFT_ASSET_SYMBOL_EXTENSIONS = YES;
				CLANG_ANALYZER_NONNULL = YES;
				CLANG_ANALYZER_NUMBER_OBJECT_CONVERSION = YES_AGGRESSIVE;
				CLANG_CXX_LANGUAGE_STANDARD = "gnu++20";
				CLANG_ENABLE_MODULES = YES;
				CLANG_ENABLE_OBJC_ARC = YES;
				CLANG_ENABLE_OBJC_WEAK = YES;
				CLANG_WARN_BLOCK_CAPTURE_AUTORELEASING = YES;
				CLANG_WARN_BOOL_CONVERSION = YES;
				CLANG_WARN_COMMA = YES;
				CLANG_WARN_CONSTANT_CONVERSION = YES;
				CLANG_WARN_DEPRECATED_OBJC_IMPLEMENTATIONS = YES;
				CLANG_WARN_DIRECT_OBJC_ISA_USAGE = YES_ERROR;
				CLANG_WARN_DOCUMENTATION_COMMENTS = YES;
				CLANG_WARN_EMPTY_BODY = YES;
				CLANG_WARN_ENUM_CONVERSION = YES;
				CLANG_WARN_INFINITE_RECURSION = YES;
				CLANG_WARN_INT_CONVERSION = YES;
				CLANG_WARN_NON_LITERAL_NULL_CONVERSION = YES;
				CLANG_WARN_OBJC_IMPLICIT_RETAIN_SELF = YES;
				CLANG_WARN_OBJC_LITERAL_CONVERSION = YES;
				CLANG_WARN_OBJC_ROOT_CLASS = YES_ERROR;
				CLANG_WARN_QUOTED_INCLUDE_IN_FRAMEWORK_HEADER = YES;
				CLANG_WARN_RANGE_LOOP_ANALYSIS = YES;
				CLANG_WARN_STRICT_PROTOTYPES = YES;
				CLANG_WARN_SUSPICIOUS_MOVE = YES;
				CLANG_WARN_UNGUARDED_AVAILABILITY = YES_AGGRESSIVE;
				CLANG_WARN_UNREACHABLE_CODE = YES;
				CLANG_WARN__DUPLICATE_METHOD_MATCH = YES;
				COPY_PHASE_STRIP = NO;
				DEBUG_INFORMATION_FORMAT = "dwarf-with-dsym";
				ENABLE_NS_ASSERTIONS = NO;
				ENABLE_STRICT_OBJC_MSGSEND = YES;
				ENABLE_USER_SCRIPT_SANDBOXING = YES;
				GCC_C_LANGUAGE_STANDARD = gnu17;
				GCC_NO_COMMON_BLOCKS = YES;
				GCC_WARN_64_TO_32_BIT_CONVERSION = YES;
				GCC_WARN_ABOUT_RETURN_TYPE = YES_ERROR;
				GCC_WARN_UNDECLARED_SELECTOR = YES;
				GCC_WARN_UNINITIALIZED_AUTOS = YES_AGGRESSIVE;
				GCC_WARN_UNUSED_FUNCTION = YES;
				GCC_WARN_UNUSED_VARIABLE = YES;
				IPHONEOS_DEPLOYMENT_TARGET = 18.0;
				LOCALIZATION_PREFERS_STRING_CATALOGS = YES;
				MTL_ENABLE_DEBUG_INFO = NO;
				MTL_FAST_MATH = YES;
				SDKROOT = iphoneos;
				SWIFT_COMPILATION_MODE = wholemodule;
				VALIDATE_PRODUCT = YES;
			};
			name = Release;
		};
		B0E7A0B92D6B3EB700C8F575 /* Debug */ = {
			isa = XCBuildConfiguration;
			buildSettings = {
				ASSETCATALOG_COMPILER_APPICON_NAME = AppIcon;
				ASSETCATALOG_COMPILER_GLOBAL_ACCENT_COLOR_NAME = AccentColor;
				CODE_SIGN_STYLE = Automatic;
				CURRENT_PROJECT_VERSION = 1;
				DEBUG_INFORMATION_FORMAT = "dwarf-with-dsym";
				DEVELOPMENT_ASSET_PATHS = "\"RACLab/Preview Content\"";
				DEVELOPMENT_TEAM = 28NL63HBTJ;
				ENABLE_PREVIEWS = YES;
				ENABLE_USER_SCRIPT_SANDBOXING = NO;
				GENERATE_INFOPLIST_FILE = YES;
				INFOPLIST_KEY_UIApplicationSceneManifest_Generation = YES;
				INFOPLIST_KEY_UIApplicationSupportsIndirectInputEvents = YES;
				INFOPLIST_KEY_UILaunchScreen_Generation = YES;
				INFOPLIST_KEY_UISupportedInterfaceOrientations = UIInterfaceOrientationPortrait;
				INFOPLIST_KEY_UISupportedInterfaceOrientations_iPad = "UIInterfaceOrientationLandscapeLeft UIInterfaceOrientationLandscapeRight UIInterfaceOrientationPortrait UIInterfaceOrientationPortraitUpsideDown";
				IPHONEOS_DEPLOYMENT_TARGET = 17.6;
				LD_RUNPATH_SEARCH_PATHS = (
					"$(inherited)",
					"@executable_path/Frameworks",
				);
				MARKETING_VERSION = 1.0.0;
				OTHER_LDFLAGS = "-Objc";
				PRODUCT_BUNDLE_IDENTIFIER = com.yongbeomkwak.RACLab;
				PRODUCT_NAME = "$(TARGET_NAME)";
				SUPPORTED_PLATFORMS = "iphoneos iphonesimulator";
				SUPPORTS_MACCATALYST = NO;
				SUPPORTS_MAC_DESIGNED_FOR_IPHONE_IPAD = NO;
				SUPPORTS_XR_DESIGNED_FOR_IPHONE_IPAD = NO;
				SWIFT_EMIT_LOC_STRINGS = YES;
				SWIFT_VERSION = 5.0;
				TARGETED_DEVICE_FAMILY = 1;
			};
			name = Debug;
		};
		B0E7A0BA2D6B3EB700C8F575 /* Release */ = {
			isa = XCBuildConfiguration;
			buildSettings = {
				ASSETCATALOG_COMPILER_APPICON_NAME = AppIcon;
				ASSETCATALOG_COMPILER_GLOBAL_ACCENT_COLOR_NAME = AccentColor;
				CODE_SIGN_STYLE = Automatic;
				CURRENT_PROJECT_VERSION = 1;
				DEBUG_INFORMATION_FORMAT = "dwarf-with-dsym";
				DEVELOPMENT_ASSET_PATHS = "\"RACLab/Preview Content\"";
				DEVELOPMENT_TEAM = 28NL63HBTJ;
				ENABLE_PREVIEWS = YES;
				ENABLE_USER_SCRIPT_SANDBOXING = NO;
				GENERATE_INFOPLIST_FILE = YES;
				INFOPLIST_KEY_UIApplicationSceneManifest_Generation = YES;
				INFOPLIST_KEY_UIApplicationSupportsIndirectInputEvents = YES;
				INFOPLIST_KEY_UILaunchScreen_Generation = YES;
				INFOPLIST_KEY_UISupportedInterfaceOrientations = UIInterfaceOrientationPortrait;
				INFOPLIST_KEY_UISupportedInterfaceOrientations_iPad = "UIInterfaceOrientationLandscapeLeft UIInterfaceOrientationLandscapeRight UIInterfaceOrientationPortrait UIInterfaceOrientationPortraitUpsideDown";
				IPHONEOS_DEPLOYMENT_TARGET = 17.6;
				LD_RUNPATH_SEARCH_PATHS = (
					"$(inherited)",
					"@executable_path/Frameworks",
				);
				MARKETING_VERSION = 1.0.0;
				OTHER_LDFLAGS = "-Objc";
				PRODUCT_BUNDLE_IDENTIFIER = com.yongbeomkwak.RACLab;
				PRODUCT_NAME = "$(TARGET_NAME)";
				SUPPORTED_PLATFORMS = "iphoneos iphonesimulator";
				SUPPORTS_MACCATALYST = NO;
				SUPPORTS_MAC_DESIGNED_FOR_IPHONE_IPAD = NO;
				SUPPORTS_XR_DESIGNED_FOR_IPHONE_IPAD = NO;
				SWIFT_EMIT_LOC_STRINGS = YES;
				SWIFT_VERSION = 5.0;
				TARGETED_DEVICE_FAMILY = 1;
			};
			name = Release;
		};
		B0E7A0BC2D6B3EB700C8F575 /* Debug */ = {
			isa = XCBuildConfiguration;
			buildSettings = {
				BUNDLE_LOADER = "$(TEST_HOST)";
				CODE_SIGN_STYLE = Automatic;
				CURRENT_PROJECT_VERSION = 1;
				DEVELOPMENT_TEAM = 28NL63HBTJ;
				ENABLE_USER_SCRIPT_SANDBOXING = NO;
				GENERATE_INFOPLIST_FILE = YES;
				IPHONEOS_DEPLOYMENT_TARGET = 18.0;
				MARKETING_VERSION = 1.0;
				PRODUCT_BUNDLE_IDENTIFIER = com.yongbeomkwak.RACLabTests;
				PRODUCT_NAME = "$(TARGET_NAME)";
				SWIFT_EMIT_LOC_STRINGS = NO;
				SWIFT_VERSION = 5.0;
				TARGETED_DEVICE_FAMILY = "1,2";
				TEST_HOST = "$(BUILT_PRODUCTS_DIR)/RACLab.app/$(BUNDLE_EXECUTABLE_FOLDER_PATH)/RACLab";
			};
			name = Debug;
		};
		B0E7A0BD2D6B3EB700C8F575 /* Release */ = {
			isa = XCBuildConfiguration;
			buildSettings = {
				BUNDLE_LOADER = "$(TEST_HOST)";
				CODE_SIGN_STYLE = Automatic;
				CURRENT_PROJECT_VERSION = 1;
				DEVELOPMENT_TEAM = 28NL63HBTJ;
				ENABLE_USER_SCRIPT_SANDBOXING = NO;
				GENERATE_INFOPLIST_FILE = YES;
				IPHONEOS_DEPLOYMENT_TARGET = 18.0;
				MARKETING_VERSION = 1.0;
				PRODUCT_BUNDLE_IDENTIFIER = com.yongbeomkwak.RACLabTests;
				PRODUCT_NAME = "$(TARGET_NAME)";
				SWIFT_EMIT_LOC_STRINGS = NO;
				SWIFT_VERSION = 5.0;
				TARGETED_DEVICE_FAMILY = "1,2";
				TEST_HOST = "$(BUILT_PRODUCTS_DIR)/RACLab.app/$(BUNDLE_EXECUTABLE_FOLDER_PATH)/RACLab";
			};
			name = Release;
		};
/* End XCBuildConfiguration section */

/* Begin XCConfigurationList section */
		B0E7A08F2D6B3EB600C8F575 /* Build configuration list for PBXProject "RACLab" */ = {
			isa = XCConfigurationList;
			buildConfigurations = (
				B0E7A0B62D6B3EB700C8F575 /* Debug */,
				B0E7A0B72D6B3EB700C8F575 /* Release */,
			);
			defaultConfigurationIsVisible = 0;
			defaultConfigurationName = Release;
		};
		B0E7A0B82D6B3EB700C8F575 /* Build configuration list for PBXNativeTarget "RACLab" */ = {
			isa = XCConfigurationList;
			buildConfigurations = (
				B0E7A0B92D6B3EB700C8F575 /* Debug */,
				B0E7A0BA2D6B3EB700C8F575 /* Release */,
			);
			defaultConfigurationIsVisible = 0;
			defaultConfigurationName = Release;
		};
		B0E7A0BB2D6B3EB700C8F575 /* Build configuration list for PBXNativeTarget "RACLabTests" */ = {
			isa = XCConfigurationList;
			buildConfigurations = (
				B0E7A0BC2D6B3EB700C8F575 /* Debug */,
				B0E7A0BD2D6B3EB700C8F575 /* Release */,
			);
			defaultConfigurationIsVisible = 0;
			defaultConfigurationName = Release;
		};
/* End XCConfigurationList section */

/* Begin XCSwiftPackageProductDependency section */
		B05352632D7487A600961EAC /* ThirdPartyModule */ = {
			isa = XCSwiftPackageProductDependency;
			productName = ThirdPartyModule;
		};
		B0B467E92D744423004FB7AE /* SharedModule */ = {
			isa = XCSwiftPackageProductDependency;
			productName = SharedModule;
		};
/* End XCSwiftPackageProductDependency section */
	};
	rootObject = B0E7A08C2D6B3EB600C8F575 /* Project object */;
}
